
Microsoft Visual Studio Solution File, Format Version 12.00
# Visual Studio Version 16
VisualStudioVersion = 16.0.29519.87
MinimumVisualStudioVersion = 10.0.40219.1
Project("{FAE04EC0-301F-11D3-BF4B-00C04F79EFBC}") = "ProyectoListas", "ProyectoListas\ProyectoListas.csproj", "{65466CE8-47DC-4E57-B84E-C40E7CE809CE}"
EndProject
Global
	GlobalSection(SolutionConfigurationPlatforms) = preSolution
		Debug|Any CPU = Debug|Any CPU
		Release|Any CPU = Release|Any CPU
	EndGlobalSection
	GlobalSection(ProjectConfigurationPlatforms) = postSolution
		{65466CE8-47DC-4E57-B84E-C40E7CE809CE}.Debug|Any CPU.ActiveCfg = Debug|Any CPU
		{65466CE8-47DC-4E57-B84E-C40E7CE809CE}.Debug|Any CPU.Build.0 = Debug|Any CPU
		{65466CE8-47DC-4E57-B84E-C40E7CE809CE}.Release|Any CPU.ActiveCfg = Release|Any CPU
		{65466CE8-47DC-4E57-B84E-C40E7CE809CE}.Release|Any CPU.Build.0 = Release|Any CPU
	EndGlobalSection
	GlobalSection(SolutionProperties) = preSolution
		HideSolutionNode = FALSE
	EndGlobalSection
	GlobalSection(ExtensibilityGlobals) = postSolution
		SolutionGuid = {10E22586-FA6C-4CB4-9F9E-AD3BE0CC1816}
	EndGlobalSection
EndGlobal
